
Microsoft Visual Studio Solution File, Format Version 12.00
# Visual Studio 14
VisualStudioVersion = 14.0.24720.0
MinimumVisualStudioVersion = 10.0.40219.1
Project("{FAE04EC0-301F-11D3-BF4B-00C04F79EFBC}") = "CodeMasters.FederalSI.Android", "CodeMasters.FederalSI.Android\CodeMasters.FederalSI.Android.csproj", "{35950C83-A235-4448-9012-147053139993}"
EndProject
Project("{FAE04EC0-301F-11D3-BF4B-00C04F79EFBC}") = "CodeMasters.FederalSI.Shared", "CodeMasters.FederalSI.Shared\CodeMasters.FederalSI.Shared.csproj", "{832D6DEF-E2DD-4CFE-81D4-F2B3E7BBBE78}"
EndProject
Project("{2150E333-8FDC-42A3-9474-1A3956D46DE8}") = "Client", "Client", "{9CA23E4A-90CF-4A8E-B2FD-C31C8F6B9587}"
EndProject
Project("{2150E333-8FDC-42A3-9474-1A3956D46DE8}") = "Server", "Server", "{CD267308-B320-4E11-A3DA-8CC013972C2D}"
EndProject
Project("{FAE04EC0-301F-11D3-BF4B-00C04F79EFBC}") = "CodeMasters.FederalSI.IOS", "CodeMasters.FederalSI.IOS\CodeMasters.FederalSI.IOS.csproj", "{2A9268FB-F16E-4F08-B059-D61956F9B68C}"
EndProject
Project("{FAE04EC0-301F-11D3-BF4B-00C04F79EFBC}") = "CodeMasters.FederalSI.Repository", "CodeMasters.FederalSI.Repository\CodeMasters.FederalSI.Repository.csproj", "{092552E7-EED4-4E92-9DE1-1BC3DCC8E910}"
EndProject
Project("{FAE04EC0-301F-11D3-BF4B-00C04F79EFBC}") = "CodeMasters.FederalSI.WebApi", "CodeMasters.FederalSI.WebApi\CodeMasters.FederalSI.WebApi.csproj", "{6ADC32B6-53E8-4748-BD44-1EDC15B07518}"
EndProject
Global
	GlobalSection(SolutionConfigurationPlatforms) = preSolution
		Ad-Hoc|Any CPU = Ad-Hoc|Any CPU
		Ad-Hoc|ARM = Ad-Hoc|ARM
		Ad-Hoc|iPhone = Ad-Hoc|iPhone
		Ad-Hoc|iPhoneSimulator = Ad-Hoc|iPhoneSimulator
		Ad-Hoc|Mixed Platforms = Ad-Hoc|Mixed Platforms
		Ad-Hoc|x86 = Ad-Hoc|x86
		AppStore|Any CPU = AppStore|Any CPU
		AppStore|ARM = AppStore|ARM
		AppStore|iPhone = AppStore|iPhone
		AppStore|iPhoneSimulator = AppStore|iPhoneSimulator
		AppStore|Mixed Platforms = AppStore|Mixed Platforms
		AppStore|x86 = AppStore|x86
		Debug|Any CPU = Debug|Any CPU
		Debug|ARM = Debug|ARM
		Debug|iPhone = Debug|iPhone
		Debug|iPhoneSimulator = Debug|iPhoneSimulator
		Debug|Mixed Platforms = Debug|Mixed Platforms
		Debug|x86 = Debug|x86
		Release|Any CPU = Release|Any CPU
		Release|ARM = Release|ARM
		Release|iPhone = Release|iPhone
		Release|iPhoneSimulator = Release|iPhoneSimulator
		Release|Mixed Platforms = Release|Mixed Platforms
		Release|x86 = Release|x86
	EndGlobalSection
	GlobalSection(ProjectConfigurationPlatforms) = postSolution
		{35950C83-A235-4448-9012-147053139993}.Ad-Hoc|Any CPU.ActiveCfg = Debug|Any CPU
		{35950C83-A235-4448-9012-147053139993}.Ad-Hoc|Any CPU.Build.0 = Debug|Any CPU
		{35950C83-A235-4448-9012-147053139993}.Ad-Hoc|Any CPU.Deploy.0 = Debug|Any CPU
		{35950C83-A235-4448-9012-147053139993}.Ad-Hoc|ARM.ActiveCfg = Debug|Any CPU
		{35950C83-A235-4448-9012-147053139993}.Ad-Hoc|ARM.Build.0 = Debug|Any CPU
		{35950C83-A235-4448-9012-147053139993}.Ad-Hoc|ARM.Deploy.0 = Debug|Any CPU
		{35950C83-A235-4448-9012-147053139993}.Ad-Hoc|iPhone.ActiveCfg = Debug|Any CPU
		{35950C83-A235-4448-9012-147053139993}.Ad-Hoc|iPhone.Build.0 = Debug|Any CPU
		{35950C83-A235-4448-9012-147053139993}.Ad-Hoc|iPhone.Deploy.0 = Debug|Any CPU
		{35950C83-A235-4448-9012-147053139993}.Ad-Hoc|iPhoneSimulator.ActiveCfg = Debug|Any CPU
		{35950C83-A235-4448-9012-147053139993}.Ad-Hoc|iPhoneSimulator.Build.0 = Debug|Any CPU
		{35950C83-A235-4448-9012-147053139993}.Ad-Hoc|iPhoneSimulator.Deploy.0 = Debug|Any CPU
		{35950C83-A235-4448-9012-147053139993}.Ad-Hoc|Mixed Platforms.ActiveCfg = Debug|Any CPU
		{35950C83-A235-4448-9012-147053139993}.Ad-Hoc|Mixed Platforms.Build.0 = Debug|Any CPU
		{35950C83-A235-4448-9012-147053139993}.Ad-Hoc|Mixed Platforms.Deploy.0 = Debug|Any CPU
		{35950C83-A235-4448-9012-147053139993}.Ad-Hoc|x86.ActiveCfg = Debug|Any CPU
		{35950C83-A235-4448-9012-147053139993}.Ad-Hoc|x86.Build.0 = Debug|Any CPU
		{35950C83-A235-4448-9012-147053139993}.Ad-Hoc|x86.Deploy.0 = Debug|Any CPU
		{35950C83-A235-4448-9012-147053139993}.AppStore|Any CPU.ActiveCfg = Release|Any CPU
		{35950C83-A235-4448-9012-147053139993}.AppStore|Any CPU.Build.0 = Release|Any CPU
		{35950C83-A235-4448-9012-147053139993}.AppStore|Any CPU.Deploy.0 = Release|Any CPU
		{35950C83-A235-4448-9012-147053139993}.AppStore|ARM.ActiveCfg = Release|Any CPU
		{35950C83-A235-4448-9012-147053139993}.AppStore|iPhone.ActiveCfg = Release|Any CPU
		{35950C83-A235-4448-9012-147053139993}.AppStore|iPhoneSimulator.ActiveCfg = Release|Any CPU
		{35950C83-A235-4448-9012-147053139993}.AppStore|Mixed Platforms.ActiveCfg = Release|Any CPU
		{35950C83-A235-4448-9012-147053139993}.AppStore|Mixed Platforms.Build.0 = Release|Any CPU
		{35950C83-A235-4448-9012-147053139993}.AppStore|Mixed Platforms.Deploy.0 = Release|Any CPU
		{35950C83-A235-4448-9012-147053139993}.AppStore|x86.ActiveCfg = Release|Any CPU
		{35950C83-A235-4448-9012-147053139993}.Debug|Any CPU.ActiveCfg = Debug|Any CPU
		{35950C83-A235-4448-9012-147053139993}.Debug|Any CPU.Build.0 = Debug|Any CPU
		{35950C83-A235-4448-9012-147053139993}.Debug|Any CPU.Deploy.0 = Debug|Any CPU
		{35950C83-A235-4448-9012-147053139993}.Debug|ARM.ActiveCfg = Debug|Any CPU
		{35950C83-A235-4448-9012-147053139993}.Debug|iPhone.ActiveCfg = Debug|Any CPU
		{35950C83-A235-4448-9012-147053139993}.Debug|iPhoneSimulator.ActiveCfg = Debug|Any CPU
		{35950C83-A235-4448-9012-147053139993}.Debug|Mixed Platforms.ActiveCfg = Debug|Any CPU
		{35950C83-A235-4448-9012-147053139993}.Debug|Mixed Platforms.Build.0 = Debug|Any CPU
		{35950C83-A235-4448-9012-147053139993}.Debug|Mixed Platforms.Deploy.0 = Debug|Any CPU
		{35950C83-A235-4448-9012-147053139993}.Debug|x86.ActiveCfg = Debug|Any CPU
		{35950C83-A235-4448-9012-147053139993}.Release|Any CPU.ActiveCfg = Release|Any CPU
		{35950C83-A235-4448-9012-147053139993}.Release|Any CPU.Build.0 = Release|Any CPU
		{35950C83-A235-4448-9012-147053139993}.Release|Any CPU.Deploy.0 = Release|Any CPU
		{35950C83-A235-4448-9012-147053139993}.Release|ARM.ActiveCfg = Release|Any CPU
		{35950C83-A235-4448-9012-147053139993}.Release|iPhone.ActiveCfg = Release|Any CPU
		{35950C83-A235-4448-9012-147053139993}.Release|iPhoneSimulator.ActiveCfg = Release|Any CPU
		{35950C83-A235-4448-9012-147053139993}.Release|Mixed Platforms.ActiveCfg = Release|Any CPU
		{35950C83-A235-4448-9012-147053139993}.Release|Mixed Platforms.Build.0 = Release|Any CPU
		{35950C83-A235-4448-9012-147053139993}.Release|Mixed Platforms.Deploy.0 = Release|Any CPU
		{35950C83-A235-4448-9012-147053139993}.Release|x86.ActiveCfg = Release|Any CPU
		{832D6DEF-E2DD-4CFE-81D4-F2B3E7BBBE78}.Ad-Hoc|Any CPU.ActiveCfg = Debug|Any CPU
		{832D6DEF-E2DD-4CFE-81D4-F2B3E7BBBE78}.Ad-Hoc|Any CPU.Build.0 = Debug|Any CPU
		{832D6DEF-E2DD-4CFE-81D4-F2B3E7BBBE78}.Ad-Hoc|ARM.ActiveCfg = Debug|Any CPU
		{832D6DEF-E2DD-4CFE-81D4-F2B3E7BBBE78}.Ad-Hoc|ARM.Build.0 = Debug|Any CPU
		{832D6DEF-E2DD-4CFE-81D4-F2B3E7BBBE78}.Ad-Hoc|iPhone.ActiveCfg = Debug|Any CPU
		{832D6DEF-E2DD-4CFE-81D4-F2B3E7BBBE78}.Ad-Hoc|iPhone.Build.0 = Debug|Any CPU
		{832D6DEF-E2DD-4CFE-81D4-F2B3E7BBBE78}.Ad-Hoc|iPhoneSimulator.ActiveCfg = Debug|Any CPU
		{832D6DEF-E2DD-4CFE-81D4-F2B3E7BBBE78}.Ad-Hoc|iPhoneSimulator.Build.0 = Debug|Any CPU
		{832D6DEF-E2DD-4CFE-81D4-F2B3E7BBBE78}.Ad-Hoc|Mixed Platforms.ActiveCfg = Debug|Any CPU
		{832D6DEF-E2DD-4CFE-81D4-F2B3E7BBBE78}.Ad-Hoc|Mixed Platforms.Build.0 = Debug|Any CPU
		{832D6DEF-E2DD-4CFE-81D4-F2B3E7BBBE78}.Ad-Hoc|x86.ActiveCfg = Debug|Any CPU
		{832D6DEF-E2DD-4CFE-81D4-F2B3E7BBBE78}.Ad-Hoc|x86.Build.0 = Debug|Any CPU
		{832D6DEF-E2DD-4CFE-81D4-F2B3E7BBBE78}.AppStore|Any CPU.ActiveCfg = Release|Any CPU
		{832D6DEF-E2DD-4CFE-81D4-F2B3E7BBBE78}.AppStore|Any CPU.Build.0 = Release|Any CPU
		{832D6DEF-E2DD-4CFE-81D4-F2B3E7BBBE78}.AppStore|ARM.ActiveCfg = Release|Any CPU
		{832D6DEF-E2DD-4CFE-81D4-F2B3E7BBBE78}.AppStore|iPhone.ActiveCfg = Release|Any CPU
		{832D6DEF-E2DD-4CFE-81D4-F2B3E7BBBE78}.AppStore|iPhone.Build.0 = Release|Any CPU
		{832D6DEF-E2DD-4CFE-81D4-F2B3E7BBBE78}.AppStore|iPhoneSimulator.ActiveCfg = Release|Any CPU
		{832D6DEF-E2DD-4CFE-81D4-F2B3E7BBBE78}.AppStore|iPhoneSimulator.Build.0 = Release|Any CPU
		{832D6DEF-E2DD-4CFE-81D4-F2B3E7BBBE78}.AppStore|Mixed Platforms.ActiveCfg = Release|Any CPU
		{832D6DEF-E2DD-4CFE-81D4-F2B3E7BBBE78}.AppStore|Mixed Platforms.Build.0 = Release|Any CPU
		{832D6DEF-E2DD-4CFE-81D4-F2B3E7BBBE78}.AppStore|x86.ActiveCfg = Release|Any CPU
		{832D6DEF-E2DD-4CFE-81D4-F2B3E7BBBE78}.Debug|Any CPU.ActiveCfg = Debug|Any CPU
		{832D6DEF-E2DD-4CFE-81D4-F2B3E7BBBE78}.Debug|Any CPU.Build.0 = Debug|Any CPU
		{832D6DEF-E2DD-4CFE-81D4-F2B3E7BBBE78}.Debug|ARM.ActiveCfg = Debug|Any CPU
		{832D6DEF-E2DD-4CFE-81D4-F2B3E7BBBE78}.Debug|iPhone.ActiveCfg = Debug|Any CPU
		{832D6DEF-E2DD-4CFE-81D4-F2B3E7BBBE78}.Debug|iPhone.Build.0 = Debug|Any CPU
		{832D6DEF-E2DD-4CFE-81D4-F2B3E7BBBE78}.Debug|iPhoneSimulator.ActiveCfg = Debug|Any CPU
		{832D6DEF-E2DD-4CFE-81D4-F2B3E7BBBE78}.Debug|iPhoneSimulator.Build.0 = Debug|Any CPU
		{832D6DEF-E2DD-4CFE-81D4-F2B3E7BBBE78}.Debug|Mixed Platforms.ActiveCfg = Debug|Any CPU
		{832D6DEF-E2DD-4CFE-81D4-F2B3E7BBBE78}.Debug|Mixed Platforms.Build.0 = Debug|Any CPU
		{832D6DEF-E2DD-4CFE-81D4-F2B3E7BBBE78}.Debug|x86.ActiveCfg = Debug|Any CPU
		{832D6DEF-E2DD-4CFE-81D4-F2B3E7BBBE78}.Release|Any CPU.ActiveCfg = Release|Any CPU
		{832D6DEF-E2DD-4CFE-81D4-F2B3E7BBBE78}.Release|Any CPU.Build.0 = Release|Any CPU
		{832D6DEF-E2DD-4CFE-81D4-F2B3E7BBBE78}.Release|ARM.ActiveCfg = Release|Any CPU
		{832D6DEF-E2DD-4CFE-81D4-F2B3E7BBBE78}.Release|iPhone.ActiveCfg = Release|Any CPU
		{832D6DEF-E2DD-4CFE-81D4-F2B3E7BBBE78}.Release|iPhone.Build.0 = Release|Any CPU
		{832D6DEF-E2DD-4CFE-81D4-F2B3E7BBBE78}.Release|iPhoneSimulator.ActiveCfg = Release|Any CPU
		{832D6DEF-E2DD-4CFE-81D4-F2B3E7BBBE78}.Release|iPhoneSimulator.Build.0 = Release|Any CPU
		{832D6DEF-E2DD-4CFE-81D4-F2B3E7BBBE78}.Release|Mixed Platforms.ActiveCfg = Release|Any CPU
		{832D6DEF-E2DD-4CFE-81D4-F2B3E7BBBE78}.Release|Mixed Platforms.Build.0 = Release|Any CPU
		{832D6DEF-E2DD-4CFE-81D4-F2B3E7BBBE78}.Release|x86.ActiveCfg = Release|Any CPU
		{2A9268FB-F16E-4F08-B059-D61956F9B68C}.Ad-Hoc|Any CPU.ActiveCfg = Ad-Hoc|iPhone
		{2A9268FB-F16E-4F08-B059-D61956F9B68C}.Ad-Hoc|ARM.ActiveCfg = Ad-Hoc|iPhone
		{2A9268FB-F16E-4F08-B059-D61956F9B68C}.Ad-Hoc|iPhone.ActiveCfg = Ad-Hoc|iPhone
		{2A9268FB-F16E-4F08-B059-D61956F9B68C}.Ad-Hoc|iPhone.Build.0 = Ad-Hoc|iPhone
		{2A9268FB-F16E-4F08-B059-D61956F9B68C}.Ad-Hoc|iPhoneSimulator.ActiveCfg = Ad-Hoc|iPhoneSimulator
		{2A9268FB-F16E-4F08-B059-D61956F9B68C}.Ad-Hoc|iPhoneSimulator.Build.0 = Ad-Hoc|iPhoneSimulator
		{2A9268FB-F16E-4F08-B059-D61956F9B68C}.Ad-Hoc|Mixed Platforms.ActiveCfg = Ad-Hoc|iPhone
		{2A9268FB-F16E-4F08-B059-D61956F9B68C}.Ad-Hoc|Mixed Platforms.Build.0 = Ad-Hoc|iPhone
		{2A9268FB-F16E-4F08-B059-D61956F9B68C}.Ad-Hoc|x86.ActiveCfg = Ad-Hoc|iPhone
		{2A9268FB-F16E-4F08-B059-D61956F9B68C}.AppStore|Any CPU.ActiveCfg = AppStore|iPhone
		{2A9268FB-F16E-4F08-B059-D61956F9B68C}.AppStore|ARM.ActiveCfg = AppStore|iPhone
		{2A9268FB-F16E-4F08-B059-D61956F9B68C}.AppStore|iPhone.ActiveCfg = AppStore|iPhone
		{2A9268FB-F16E-4F08-B059-D61956F9B68C}.AppStore|iPhone.Build.0 = AppStore|iPhone
		{2A9268FB-F16E-4F08-B059-D61956F9B68C}.AppStore|iPhoneSimulator.ActiveCfg = AppStore|iPhoneSimulator
		{2A9268FB-F16E-4F08-B059-D61956F9B68C}.AppStore|iPhoneSimulator.Build.0 = AppStore|iPhoneSimulator
		{2A9268FB-F16E-4F08-B059-D61956F9B68C}.AppStore|Mixed Platforms.ActiveCfg = AppStore|iPhone
		{2A9268FB-F16E-4F08-B059-D61956F9B68C}.AppStore|Mixed Platforms.Build.0 = AppStore|iPhone
		{2A9268FB-F16E-4F08-B059-D61956F9B68C}.AppStore|x86.ActiveCfg = AppStore|iPhone
		{2A9268FB-F16E-4F08-B059-D61956F9B68C}.Debug|Any CPU.ActiveCfg = Debug|iPhone
		{2A9268FB-F16E-4F08-B059-D61956F9B68C}.Debug|ARM.ActiveCfg = Debug|iPhone
		{2A9268FB-F16E-4F08-B059-D61956F9B68C}.Debug|iPhone.ActiveCfg = Debug|iPhone
		{2A9268FB-F16E-4F08-B059-D61956F9B68C}.Debug|iPhone.Build.0 = Debug|iPhone
		{2A9268FB-F16E-4F08-B059-D61956F9B68C}.Debug|iPhoneSimulator.ActiveCfg = Debug|iPhoneSimulator
		{2A9268FB-F16E-4F08-B059-D61956F9B68C}.Debug|iPhoneSimulator.Build.0 = Debug|iPhoneSimulator
		{2A9268FB-F16E-4F08-B059-D61956F9B68C}.Debug|Mixed Platforms.ActiveCfg = Debug|iPhone
		{2A9268FB-F16E-4F08-B059-D61956F9B68C}.Debug|Mixed Platforms.Build.0 = Debug|iPhone
		{2A9268FB-F16E-4F08-B059-D61956F9B68C}.Debug|x86.ActiveCfg = Debug|iPhone
		{2A9268FB-F16E-4F08-B059-D61956F9B68C}.Release|Any CPU.ActiveCfg = Release|iPhone
		{2A9268FB-F16E-4F08-B059-D61956F9B68C}.Release|ARM.ActiveCfg = Release|iPhone
		{2A9268FB-F16E-4F08-B059-D61956F9B68C}.Release|iPhone.ActiveCfg = Release|iPhone
		{2A9268FB-F16E-4F08-B059-D61956F9B68C}.Release|iPhone.Build.0 = Release|iPhone
		{2A9268FB-F16E-4F08-B059-D61956F9B68C}.Release|iPhoneSimulator.ActiveCfg = Release|iPhoneSimulator
		{2A9268FB-F16E-4F08-B059-D61956F9B68C}.Release|iPhoneSimulator.Build.0 = Release|iPhoneSimulator
		{2A9268FB-F16E-4F08-B059-D61956F9B68C}.Release|Mixed Platforms.ActiveCfg = Release|iPhone
		{2A9268FB-F16E-4F08-B059-D61956F9B68C}.Release|Mixed Platforms.Build.0 = Release|iPhone
		{2A9268FB-F16E-4F08-B059-D61956F9B68C}.Release|x86.ActiveCfg = Release|iPhone
		{092552E7-EED4-4E92-9DE1-1BC3DCC8E910}.Ad-Hoc|Any CPU.ActiveCfg = Release|Any CPU
		{092552E7-EED4-4E92-9DE1-1BC3DCC8E910}.Ad-Hoc|Any CPU.Build.0 = Release|Any CPU
		{092552E7-EED4-4E92-9DE1-1BC3DCC8E910}.Ad-Hoc|ARM.ActiveCfg = Release|Any CPU
		{092552E7-EED4-4E92-9DE1-1BC3DCC8E910}.Ad-Hoc|ARM.Build.0 = Release|Any CPU
		{092552E7-EED4-4E92-9DE1-1BC3DCC8E910}.Ad-Hoc|iPhone.ActiveCfg = Release|Any CPU
		{092552E7-EED4-4E92-9DE1-1BC3DCC8E910}.Ad-Hoc|iPhone.Build.0 = Release|Any CPU
		{092552E7-EED4-4E92-9DE1-1BC3DCC8E910}.Ad-Hoc|iPhoneSimulator.ActiveCfg = Release|Any CPU
		{092552E7-EED4-4E92-9DE1-1BC3DCC8E910}.Ad-Hoc|iPhoneSimulator.Build.0 = Release|Any CPU
		{092552E7-EED4-4E92-9DE1-1BC3DCC8E910}.Ad-Hoc|Mixed Platforms.ActiveCfg = Release|Any CPU
		{092552E7-EED4-4E92-9DE1-1BC3DCC8E910}.Ad-Hoc|Mixed Platforms.Build.0 = Release|Any CPU
		{092552E7-EED4-4E92-9DE1-1BC3DCC8E910}.Ad-Hoc|x86.ActiveCfg = Release|Any CPU
		{092552E7-EED4-4E92-9DE1-1BC3DCC8E910}.Ad-Hoc|x86.Build.0 = Release|Any CPU
		{092552E7-EED4-4E92-9DE1-1BC3DCC8E910}.AppStore|Any CPU.ActiveCfg = Release|Any CPU
		{092552E7-EED4-4E92-9DE1-1BC3DCC8E910}.AppStore|Any CPU.Build.0 = Release|Any CPU
		{092552E7-EED4-4E92-9DE1-1BC3DCC8E910}.AppStore|ARM.ActiveCfg = Release|Any CPU
		{092552E7-EED4-4E92-9DE1-1BC3DCC8E910}.AppStore|ARM.Build.0 = Release|Any CPU
		{092552E7-EED4-4E92-9DE1-1BC3DCC8E910}.AppStore|iPhone.ActiveCfg = Release|Any CPU
		{092552E7-EED4-4E92-9DE1-1BC3DCC8E910}.AppStore|iPhone.Build.0 = Release|Any CPU
		{092552E7-EED4-4E92-9DE1-1BC3DCC8E910}.AppStore|iPhoneSimulator.ActiveCfg = Release|Any CPU
		{092552E7-EED4-4E92-9DE1-1BC3DCC8E910}.AppStore|iPhoneSimulator.Build.0 = Release|Any CPU
		{092552E7-EED4-4E92-9DE1-1BC3DCC8E910}.AppStore|Mixed Platforms.ActiveCfg = Release|Any CPU
		{092552E7-EED4-4E92-9DE1-1BC3DCC8E910}.AppStore|Mixed Platforms.Build.0 = Release|Any CPU
		{092552E7-EED4-4E92-9DE1-1BC3DCC8E910}.AppStore|x86.ActiveCfg = Release|Any CPU
		{092552E7-EED4-4E92-9DE1-1BC3DCC8E910}.AppStore|x86.Build.0 = Release|Any CPU
		{092552E7-EED4-4E92-9DE1-1BC3DCC8E910}.Debug|Any CPU.ActiveCfg = Debug|Any CPU
		{092552E7-EED4-4E92-9DE1-1BC3DCC8E910}.Debug|Any CPU.Build.0 = Debug|Any CPU
		{092552E7-EED4-4E92-9DE1-1BC3DCC8E910}.Debug|ARM.ActiveCfg = Debug|Any CPU
		{092552E7-EED4-4E92-9DE1-1BC3DCC8E910}.Debug|ARM.Build.0 = Debug|Any CPU
		{092552E7-EED4-4E92-9DE1-1BC3DCC8E910}.Debug|iPhone.ActiveCfg = Debug|Any CPU
		{092552E7-EED4-4E92-9DE1-1BC3DCC8E910}.Debug|iPhone.Build.0 = Debug|Any CPU
		{092552E7-EED4-4E92-9DE1-1BC3DCC8E910}.Debug|iPhoneSimulator.ActiveCfg = Debug|Any CPU
		{092552E7-EED4-4E92-9DE1-1BC3DCC8E910}.Debug|iPhoneSimulator.Build.0 = Debug|Any CPU
		{092552E7-EED4-4E92-9DE1-1BC3DCC8E910}.Debug|Mixed Platforms.ActiveCfg = Debug|Any CPU
		{092552E7-EED4-4E92-9DE1-1BC3DCC8E910}.Debug|Mixed Platforms.Build.0 = Debug|Any CPU
		{092552E7-EED4-4E92-9DE1-1BC3DCC8E910}.Debug|x86.ActiveCfg = Debug|Any CPU
		{092552E7-EED4-4E92-9DE1-1BC3DCC8E910}.Debug|x86.Build.0 = Debug|Any CPU
		{092552E7-EED4-4E92-9DE1-1BC3DCC8E910}.Release|Any CPU.ActiveCfg = Release|Any CPU
		{092552E7-EED4-4E92-9DE1-1BC3DCC8E910}.Release|Any CPU.Build.0 = Release|Any CPU
		{092552E7-EED4-4E92-9DE1-1BC3DCC8E910}.Release|ARM.ActiveCfg = Release|Any CPU
		{092552E7-EED4-4E92-9DE1-1BC3DCC8E910}.Release|ARM.Build.0 = Release|Any CPU
		{092552E7-EED4-4E92-9DE1-1BC3DCC8E910}.Release|iPhone.ActiveCfg = Release|Any CPU
		{092552E7-EED4-4E92-9DE1-1BC3DCC8E910}.Release|iPhone.Build.0 = Release|Any CPU
		{092552E7-EED4-4E92-9DE1-1BC3DCC8E910}.Release|iPhoneSimulator.ActiveCfg = Release|Any CPU
		{092552E7-EED4-4E92-9DE1-1BC3DCC8E910}.Release|iPhoneSimulator.Build.0 = Release|Any CPU
		{092552E7-EED4-4E92-9DE1-1BC3DCC8E910}.Release|Mixed Platforms.ActiveCfg = Release|Any CPU
		{092552E7-EED4-4E92-9DE1-1BC3DCC8E910}.Release|Mixed Platforms.Build.0 = Release|Any CPU
		{092552E7-EED4-4E92-9DE1-1BC3DCC8E910}.Release|x86.ActiveCfg = Release|Any CPU
		{092552E7-EED4-4E92-9DE1-1BC3DCC8E910}.Release|x86.Build.0 = Release|Any CPU
		{6ADC32B6-53E8-4748-BD44-1EDC15B07518}.Ad-Hoc|Any CPU.ActiveCfg = Release|Any CPU
		{6ADC32B6-53E8-4748-BD44-1EDC15B07518}.Ad-Hoc|Any CPU.Build.0 = Release|Any CPU
		{6ADC32B6-53E8-4748-BD44-1EDC15B07518}.Ad-Hoc|ARM.ActiveCfg = Release|Any CPU
		{6ADC32B6-53E8-4748-BD44-1EDC15B07518}.Ad-Hoc|ARM.Build.0 = Release|Any CPU
		{6ADC32B6-53E8-4748-BD44-1EDC15B07518}.Ad-Hoc|iPhone.ActiveCfg = Release|Any CPU
		{6ADC32B6-53E8-4748-BD44-1EDC15B07518}.Ad-Hoc|iPhone.Build.0 = Release|Any CPU
		{6ADC32B6-53E8-4748-BD44-1EDC15B07518}.Ad-Hoc|iPhoneSimulator.ActiveCfg = Release|Any CPU
		{6ADC32B6-53E8-4748-BD44-1EDC15B07518}.Ad-Hoc|iPhoneSimulator.Build.0 = Release|Any CPU
		{6ADC32B6-53E8-4748-BD44-1EDC15B07518}.Ad-Hoc|Mixed Platforms.ActiveCfg = Release|Any CPU
		{6ADC32B6-53E8-4748-BD44-1EDC15B07518}.Ad-Hoc|Mixed Platforms.Build.0 = Release|Any CPU
		{6ADC32B6-53E8-4748-BD44-1EDC15B07518}.Ad-Hoc|x86.ActiveCfg = Release|Any CPU
		{6ADC32B6-53E8-4748-BD44-1EDC15B07518}.Ad-Hoc|x86.Build.0 = Release|Any CPU
		{6ADC32B6-53E8-4748-BD44-1EDC15B07518}.AppStore|Any CPU.ActiveCfg = Release|Any CPU
		{6ADC32B6-53E8-4748-BD44-1EDC15B07518}.AppStore|Any CPU.Build.0 = Release|Any CPU
		{6ADC32B6-53E8-4748-BD44-1EDC15B07518}.AppStore|ARM.ActiveCfg = Release|Any CPU
		{6ADC32B6-53E8-4748-BD44-1EDC15B07518}.AppStore|ARM.Build.0 = Release|Any CPU
		{6ADC32B6-53E8-4748-BD44-1EDC15B07518}.AppStore|iPhone.ActiveCfg = Release|Any CPU
		{6ADC32B6-53E8-4748-BD44-1EDC15B07518}.AppStore|iPhone.Build.0 = Release|Any CPU
		{6ADC32B6-53E8-4748-BD44-1EDC15B07518}.AppStore|iPhoneSimulator.ActiveCfg = Release|Any CPU
		{6ADC32B6-53E8-4748-BD44-1EDC15B07518}.AppStore|iPhoneSimulator.Build.0 = Release|Any CPU
		{6ADC32B6-53E8-4748-BD44-1EDC15B07518}.AppStore|Mixed Platforms.ActiveCfg = Release|Any CPU
		{6ADC32B6-53E8-4748-BD44-1EDC15B07518}.AppStore|Mixed Platforms.Build.0 = Release|Any CPU
		{6ADC32B6-53E8-4748-BD44-1EDC15B07518}.AppStore|x86.ActiveCfg = Release|Any CPU
		{6ADC32B6-53E8-4748-BD44-1EDC15B07518}.AppStore|x86.Build.0 = Release|Any CPU
		{6ADC32B6-53E8-4748-BD44-1EDC15B07518}.Debug|Any CPU.ActiveCfg = Debug|Any CPU
		{6ADC32B6-53E8-4748-BD44-1EDC15B07518}.Debug|Any CPU.Build.0 = Debug|Any CPU
		{6ADC32B6-53E8-4748-BD44-1EDC15B07518}.Debug|ARM.ActiveCfg = Debug|Any CPU
		{6ADC32B6-53E8-4748-BD44-1EDC15B07518}.Debug|ARM.Build.0 = Debug|Any CPU
		{6ADC32B6-53E8-4748-BD44-1EDC15B07518}.Debug|iPhone.ActiveCfg = Debug|Any CPU
		{6ADC32B6-53E8-4748-BD44-1EDC15B07518}.Debug|iPhone.Build.0 = Debug|Any CPU
		{6ADC32B6-53E8-4748-BD44-1EDC15B07518}.Debug|iPhoneSimulator.ActiveCfg = Debug|Any CPU
		{6ADC32B6-53E8-4748-BD44-1EDC15B07518}.Debug|iPhoneSimulator.Build.0 = Debug|Any CPU
		{6ADC32B6-53E8-4748-BD44-1EDC15B07518}.Debug|Mixed Platforms.ActiveCfg = Debug|Any CPU
		{6ADC32B6-53E8-4748-BD44-1EDC15B07518}.Debug|Mixed Platforms.Build.0 = Debug|Any CPU
		{6ADC32B6-53E8-4748-BD44-1EDC15B07518}.Debug|x86.ActiveCfg = Debug|Any CPU
		{6ADC32B6-53E8-4748-BD44-1EDC15B07518}.Debug|x86.Build.0 = Debug|Any CPU
		{6ADC32B6-53E8-4748-BD44-1EDC15B07518}.Release|Any CPU.ActiveCfg = Release|Any CPU
		{6ADC32B6-53E8-4748-BD44-1EDC15B07518}.Release|Any CPU.Build.0 = Release|Any CPU
		{6ADC32B6-53E8-4748-BD44-1EDC15B07518}.Release|ARM.ActiveCfg = Release|Any CPU
		{6ADC32B6-53E8-4748-BD44-1EDC15B07518}.Release|ARM.Build.0 = Release|Any CPU
		{6ADC32B6-53E8-4748-BD44-1EDC15B07518}.Release|iPhone.ActiveCfg = Release|Any CPU
		{6ADC32B6-53E8-4748-BD44-1EDC15B07518}.Release|iPhone.Build.0 = Release|Any CPU
		{6ADC32B6-53E8-4748-BD44-1EDC15B07518}.Release|iPhoneSimulator.ActiveCfg = Release|Any CPU
		{6ADC32B6-53E8-4748-BD44-1EDC15B07518}.Release|iPhoneSimulator.Build.0 = Release|Any CPU
		{6ADC32B6-53E8-4748-BD44-1EDC15B07518}.Release|Mixed Platforms.ActiveCfg = Release|Any CPU
		{6ADC32B6-53E8-4748-BD44-1EDC15B07518}.Release|Mixed Platforms.Build.0 = Release|Any CPU
		{6ADC32B6-53E8-4748-BD44-1EDC15B07518}.Release|x86.ActiveCfg = Release|Any CPU
		{6ADC32B6-53E8-4748-BD44-1EDC15B07518}.Release|x86.Build.0 = Release|Any CPU
	EndGlobalSection
	GlobalSection(SolutionProperties) = preSolution
		HideSolutionNode = FALSE
	EndGlobalSection
	GlobalSection(NestedProjects) = preSolution
		{35950C83-A235-4448-9012-147053139993} = {9CA23E4A-90CF-4A8E-B2FD-C31C8F6B9587}
		{832D6DEF-E2DD-4CFE-81D4-F2B3E7BBBE78} = {9CA23E4A-90CF-4A8E-B2FD-C31C8F6B9587}
		{2A9268FB-F16E-4F08-B059-D61956F9B68C} = {9CA23E4A-90CF-4A8E-B2FD-C31C8F6B9587}
		{092552E7-EED4-4E92-9DE1-1BC3DCC8E910} = {CD267308-B320-4E11-A3DA-8CC013972C2D}
		{6ADC32B6-53E8-4748-BD44-1EDC15B07518} = {CD267308-B320-4E11-A3DA-8CC013972C2D}
	EndGlobalSection
EndGlobal
